dependencies:
- name: postgresql
  repository: https://charts.bitnami.com/bitnami
  version: 12.8.0
- name: postgresql-s3-backup
  repository: file://../postgresql-s3-backup
  version: 1.0.0
digest: sha256:cb94b35f08891be94dabd90d1d4a35f2c741375db721642037334067b1cf74ba
generated: "2024-05-12T19:44:32.821466+02:00"
