dependencies:
- name: postgresql
  repository: https://charts.bitnami.com/bitnami
  version: 12.8.0
- name: postgresql-s3-backup
  repository: file://../postgresql-s3-backup
  version: 1.1.1
digest: sha256:4b7f933dfd46fa41072c131f3d81e402e96949edd0bd9fe67e591761991045ab
generated: "2024-06-25T22:07:48.769312+02:00"
