dependencies:
- name: mongodb
  repository: https://charts.bitnami.com/bitnami
  version: 13.16.2
- name: mongodb-s3-backup
  repository: file://../mongodb-s3-backup
  version: 1.0.0
digest: sha256:807610a2e401438e1bf29efda6c39dbced7dd9cc557681e2f23eb773cf091bd6
generated: "2024-05-12T19:44:03.053907+02:00"
