dependencies:
- name: mongodb
  repository: https://charts.bitnami.com/bitnami
  version: 13.16.2
- name: mongodb-s3-backup
  repository: file://../mongodb-s3-backup
  version: 1.1.1
digest: sha256:961d762246ae6a01725e8fada02f3955c14d124def7d7a2d966517cca3c3b217
generated: "2024-06-25T22:06:57.265208+02:00"
