dependencies:
- name: mongodb
  repository: https://charts.bitnami.com/bitnami
  version: 13.16.2
- name: mongodb-s3-backup
  repository: file://../mongodb-s3-backup
  version: 1.1.0
digest: sha256:536a9fcebdaf9a4fdb28df8a89661e588ba135d99f2beefd44d61818eb12bcc4
generated: "2024-06-04T01:58:20.617544+02:00"
