dependencies:
- name: discourse
  repository: https://pyrofab.github.io/mozilla-helm-charts/
  version: 3.1.0
- name: postgresql
  repository: https://charts.bitnami.com/bitnami
  version: 12.12.10
- name: redis
  repository: https://charts.bitnami.com/bitnami
  version: 17.17.1
- name: postgresql-s3-backup
  repository: file://../postgresql-s3-backup
  version: 1.1.1
digest: sha256:a9e5cd5c7f7b9835f3373d7133bb9c5c1acecb6ce5cf2f7c749b9f6626a83364
generated: "2024-06-25T22:07:17.965135+02:00"
