dependencies:
- name: discourse
  repository: https://pyrofab.github.io/mozilla-helm-charts/
  version: 3.1.0
- name: postgresql
  repository: https://charts.bitnami.com/bitnami
  version: 12.12.10
- name: redis
  repository: https://charts.bitnami.com/bitnami
  version: 17.17.1
- name: postgresql-s3-backup
  repository: file://../postgresql-s3-backup
  version: 1.1.0
digest: sha256:7f5d43b804bb907131faba017d1455d5a0346de02450d8c604c2e14c44c16b11
generated: "2024-06-04T01:58:08.795081+02:00"
