dependencies:
- name: discourse
  repository: https://pyrofab.github.io/mozilla-helm-charts/
  version: 3.1.0
- name: postgresql
  repository: https://charts.bitnami.com/bitnami
  version: 12.12.10
- name: redis
  repository: https://charts.bitnami.com/bitnami
  version: 17.17.1
- name: s3-backups
  repository: file://../s3-backups
  version: 0.2.0
digest: sha256:6ad85e467301603ce3782e8e81f68932fc399302bc4aa5dad9dea8836cf92ee4
generated: "2024-05-12T02:49:15.499456+02:00"
